{
  "name": "@clis/generate",
  "version": "1.0.0",
  "lockfileVersion": 2,
  "requires": true,
  "packages": {
    "": {
      "name": "@clis/generate",
      "version": "1.0.0",
      "license": "ISC",
      "dependencies": {
        "utility-scripts": "file:../scripts"
      },
      "bin": {
        "auto-generate": "src/index.js"
      }
    },
    "../../scripts": {
      "extraneous": true
    },
    "../../scripts/utils": {
      "name": "@scripts/utils",
      "version": "1.0.0",
      "extraneous": true,
      "license": "ISC"
    },
    "../../utility-scripts": {
      "extraneous": true
    },
    "../scripts": {
      "name": "utility-scripts",
      "version": "1.0.0",
      "license": "ISC"
    },
    "../scripts/utils": {
      "extraneous": true
    },
    "node_modules/utility-scripts": {
      "resolved": "../scripts",
      "link": true
    }
  },
  "dependencies": {
    "utility-scripts": {
      "version": "file:../scripts"
    }
  }
}
